
Microsoft Visual Studio Solution File, Format Version 12.00
# Visual Studio Version 17
VisualStudioVersion = 17.0.31903.59
MinimumVisualStudioVersion = 10.0.40219.1
Project("{FAE04EC0-301F-11D3-BF4B-00C04F79EFBC}") = "McQuery", "McQuery\McQuery.csproj", "{54098189-D9F3-4FF2-92E6-7FC59AD974C2}"
EndProject
Project("{FAE04EC0-301F-11D3-BF4B-00C04F79EFBC}") = "ServerManager", "ServerManager\ServerManager.csproj", "{5B104A37-D972-4E84-83AD-6EFA1F8B4C2B}"
EndProject
Global
	GlobalSection(SolutionConfigurationPlatforms) = preSolution
		Debug|Any CPU = Debug|Any CPU
		Release|Any CPU = Release|Any CPU
	EndGlobalSection
	GlobalSection(SolutionProperties) = preSolution
		HideSolutionNode = FALSE
	EndGlobalSection
	GlobalSection(ProjectConfigurationPlatforms) = postSolution
		{54098189-D9F3-4FF2-92E6-7FC59AD974C2}.Debug|Any CPU.ActiveCfg = Debug|Any CPU
		{54098189-D9F3-4FF2-92E6-7FC59AD974C2}.Debug|Any CPU.Build.0 = Debug|Any CPU
		{54098189-D9F3-4FF2-92E6-7FC59AD974C2}.Release|Any CPU.ActiveCfg = Release|Any CPU
		{54098189-D9F3-4FF2-92E6-7FC59AD974C2}.Release|Any CPU.Build.0 = Release|Any CPU
		{5B104A37-D972-4E84-83AD-6EFA1F8B4C2B}.Debug|Any CPU.ActiveCfg = Debug|Any CPU
		{5B104A37-D972-4E84-83AD-6EFA1F8B4C2B}.Debug|Any CPU.Build.0 = Debug|Any CPU
		{5B104A37-D972-4E84-83AD-6EFA1F8B4C2B}.Release|Any CPU.ActiveCfg = Release|Any CPU
		{5B104A37-D972-4E84-83AD-6EFA1F8B4C2B}.Release|Any CPU.Build.0 = Release|Any CPU
	EndGlobalSection
EndGlobal
